// !$*UTF8*$!
{
	archiveVersion = 1;
	classes = {
	};
	objectVersion = 56;
	objects = {

/* Begin PBXBuildFile section */
		CB00C2592B80F1A10020E227 /* MockRepository.swift in Sources */ = {isa = PBXBuildFile; fileRef = CB94A5592B7FCBD40056D7A5 /* MockRepository.swift */; };
		CB00C25A2B80F3760020E227 /* 5TKMTrS09.jpg in Resources */ = {isa = PBXBuildFile; fileRef = CB94A5662B7FD0D90056D7A5 /* 5TKMTrS09.jpg */; };
		CB00C25B2B80F3760020E227 /* 9POof5zD0.jpg in Resources */ = {isa = PBXBuildFile; fileRef = CB94A5672B7FD0D90056D7A5 /* 9POof5zD0.jpg */; };
		CB00C25C2B80F3760020E227 /* 38KoA9gGB.jpg in Resources */ = {isa = PBXBuildFile; fileRef = CB94A5652B7FD0D90056D7A5 /* 38KoA9gGB.jpg */; };
		CB00C25D2B80F3760020E227 /* Bk-WET6Em.gif in Resources */ = {isa = PBXBuildFile; fileRef = CB94A5602B7FD0D90056D7A5 /* Bk-WET6Em.gif */; };
		CB00C25E2B80F3760020E227 /* S1V3Qeq4X_1280.jpg in Resources */ = {isa = PBXBuildFile; fileRef = CB94A5642B7FD0D90056D7A5 /* S1V3Qeq4X_1280.jpg */; };
		CB00C25F2B80F3760020E227 /* Sk67KO2rX_1280.jpg in Resources */ = {isa = PBXBuildFile; fileRef = CB94A5682B7FD0D90056D7A5 /* Sk67KO2rX_1280.jpg */; };
		CB00C2602B80F3760020E227 /* SkRpsgc47_1280.jpg in Resources */ = {isa = PBXBuildFile; fileRef = CB94A5612B7FD0D90056D7A5 /* SkRpsgc47_1280.jpg */; };
		CB00C2612B80F3760020E227 /* SyNNYd3S7_1280.jpg in Resources */ = {isa = PBXBuildFile; fileRef = CB94A5622B7FD0D90056D7A5 /* SyNNYd3S7_1280.jpg */; };
		CB00C2622B80F3760020E227 /* wPIaaiYOy.jpg in Resources */ = {isa = PBXBuildFile; fileRef = CB94A5632B7FD0D90056D7A5 /* wPIaaiYOy.jpg */; };
		CB00C2632B80F3760020E227 /* xmHTSrAon_1280.jpg in Resources */ = {isa = PBXBuildFile; fileRef = CB94A55F2B7FD0D90056D7A5 /* xmHTSrAon_1280.jpg */; };
		CB0BEBFA2B7F0B3C00720F41 /* Repository.swift in Sources */ = {isa = PBXBuildFile; fileRef = CB0BEBF92B7F0B3C00720F41 /* Repository.swift */; };
		CB0BEBFE2B7F867F00720F41 /* DogDetailsViewModelTests.swift in Sources */ = {isa = PBXBuildFile; fileRef = CB0BEBFD2B7F867F00720F41 /* DogDetailsViewModelTests.swift */; };
		CB0BEC002B7F868A00720F41 /* HomeViewModelTests.swift in Sources */ = {isa = PBXBuildFile; fileRef = CB0BEBFF2B7F868A00720F41 /* HomeViewModelTests.swift */; };
		CB0BEC022B7F86C900720F41 /* ImageFetcherTests.swift in Sources */ = {isa = PBXBuildFile; fileRef = CB0BEC012B7F86C900720F41 /* ImageFetcherTests.swift */; };
		CB0BEC042B7F86FA00720F41 /* RepositoryTests.swift in Sources */ = {isa = PBXBuildFile; fileRef = CB0BEC032B7F86FA00720F41 /* RepositoryTests.swift */; };
		CB799E232B7E5E4300DB639B /* DogDetailsView.swift in Sources */ = {isa = PBXBuildFile; fileRef = CB799E222B7E5E4300DB639B /* DogDetailsView.swift */; };
		CB799E252B7E5F8500DB639B /* ImageFetcher.swift in Sources */ = {isa = PBXBuildFile; fileRef = CB799E242B7E5F8500DB639B /* ImageFetcher.swift */; };
		CB799E272B7E620400DB639B /* DogImage.swift in Sources */ = {isa = PBXBuildFile; fileRef = CB799E262B7E620400DB639B /* DogImage.swift */; };
		CB799E292B7E666C00DB639B /* DogDetailsViewModel.swift in Sources */ = {isa = PBXBuildFile; fileRef = CB799E282B7E666C00DB639B /* DogDetailsViewModel.swift */; };
		CB799E2B2B7E673100DB639B /* DogDetails.swift in Sources */ = {isa = PBXBuildFile; fileRef = CB799E2A2B7E673100DB639B /* DogDetails.swift */; };
		CB799E2D2B7E69E300DB639B /* Breed.swift in Sources */ = {isa = PBXBuildFile; fileRef = CB799E2C2B7E69E300DB639B /* Breed.swift */; };
		CB799E2F2B7E69EB00DB639B /* Measure.swift in Sources */ = {isa = PBXBuildFile; fileRef = CB799E2E2B7E69EB00DB639B /* Measure.swift */; };
		CB799E322B7EA66D00DB639B /* CachedAsyncImage.swift in Sources */ = {isa = PBXBuildFile; fileRef = CB799E312B7EA66D00DB639B /* CachedAsyncImage.swift */; };
		CB799E342B7ED7FD00DB639B /* API.swift in Sources */ = {isa = PBXBuildFile; fileRef = CB799E332B7ED7FD00DB639B /* API.swift */; };
		CB799E362B7ED91600DB639B /* Errors.swift in Sources */ = {isa = PBXBuildFile; fileRef = CB799E352B7ED91600DB639B /* Errors.swift */; };
		CB94A5552B7FC4660056D7A5 /* DogImages.json in Resources */ = {isa = PBXBuildFile; fileRef = CB94A5542B7FC4660056D7A5 /* DogImages.json */; };
		CB94A5582B7FCA430056D7A5 /* InvalidDogImages.json in Resources */ = {isa = PBXBuildFile; fileRef = CB94A5572B7FCA430056D7A5 /* InvalidDogImages.json */; };
		CB94A55D2B7FCCA90056D7A5 /* InvalidDogDetails.json in Resources */ = {isa = PBXBuildFile; fileRef = CB94A55B2B7FCCA90056D7A5 /* InvalidDogDetails.json */; };
		CB94A55E2B7FCCAA0056D7A5 /* DogDetails.json in Resources */ = {isa = PBXBuildFile; fileRef = CB94A55C2B7FCCA90056D7A5 /* DogDetails.json */; };
		CB94A5692B7FD0D90056D7A5 /* xmHTSrAon_1280.jpg in Resources */ = {isa = PBXBuildFile; fileRef = CB94A55F2B7FD0D90056D7A5 /* xmHTSrAon_1280.jpg */; };
		CB94A56A2B7FD0D90056D7A5 /* Bk-WET6Em.gif in Resources */ = {isa = PBXBuildFile; fileRef = CB94A5602B7FD0D90056D7A5 /* Bk-WET6Em.gif */; };
		CB94A56B2B7FD0D90056D7A5 /* SkRpsgc47_1280.jpg in Resources */ = {isa = PBXBuildFile; fileRef = CB94A5612B7FD0D90056D7A5 /* SkRpsgc47_1280.jpg */; };
		CB94A56C2B7FD0D90056D7A5 /* SyNNYd3S7_1280.jpg in Resources */ = {isa = PBXBuildFile; fileRef = CB94A5622B7FD0D90056D7A5 /* SyNNYd3S7_1280.jpg */; };
		CB94A56D2B7FD0D90056D7A5 /* wPIaaiYOy.jpg in Resources */ = {isa = PBXBuildFile; fileRef = CB94A5632B7FD0D90056D7A5 /* wPIaaiYOy.jpg */; };
		CB94A56E2B7FD0D90056D7A5 /* S1V3Qeq4X_1280.jpg in Resources */ = {isa = PBXBuildFile; fileRef = CB94A5642B7FD0D90056D7A5 /* S1V3Qeq4X_1280.jpg */; };
		CB94A56F2B7FD0D90056D7A5 /* 38KoA9gGB.jpg in Resources */ = {isa = PBXBuildFile; fileRef = CB94A5652B7FD0D90056D7A5 /* 38KoA9gGB.jpg */; };
		CB94A5702B7FD0D90056D7A5 /* 5TKMTrS09.jpg in Resources */ = {isa = PBXBuildFile; fileRef = CB94A5662B7FD0D90056D7A5 /* 5TKMTrS09.jpg */; };
		CB94A5712B7FD0D90056D7A5 /* 9POof5zD0.jpg in Resources */ = {isa = PBXBuildFile; fileRef = CB94A5672B7FD0D90056D7A5 /* 9POof5zD0.jpg */; };
		CB94A5722B7FD0D90056D7A5 /* Sk67KO2rX_1280.jpg in Resources */ = {isa = PBXBuildFile; fileRef = CB94A5682B7FD0D90056D7A5 /* Sk67KO2rX_1280.jpg */; };
		CBAB7E272B7BC98500A0E802 /* Extensions.swift in Sources */ = {isa = PBXBuildFile; fileRef = CBAB7E262B7BC98500A0E802 /* Extensions.swift */; };
		CBB15C1D2B7969CE00B1F9CC /* DogsApp.swift in Sources */ = {isa = PBXBuildFile; fileRef = CBB15C1C2B7969CE00B1F9CC /* DogsApp.swift */; };
		CBB15C1F2B7969CE00B1F9CC /* HomeView.swift in Sources */ = {isa = PBXBuildFile; fileRef = CBB15C1E2B7969CE00B1F9CC /* HomeView.swift */; };
		CBB15C382B7969D200B1F9CC /* DogsUITests.swift in Sources */ = {isa = PBXBuildFile; fileRef = CBB15C372B7969D200B1F9CC /* DogsUITests.swift */; };
		CBCE1F212B800982000418C1 /* Accessibility.swift in Sources */ = {isa = PBXBuildFile; fileRef = CB0BEC052B7F878500720F41 /* Accessibility.swift */; };
		CBE2BA9B2B7D0BA2000F939D /* HomeViewModel.swift in Sources */ = {isa = PBXBuildFile; fileRef = CBE2BA9A2B7D0BA2000F939D /* HomeViewModel.swift */; };
		CBE2BAAC2B7D42B6000F939D /* Splash.storyboard in Resources */ = {isa = PBXBuildFile; fileRef = CBE2BAAB2B7D42B6000F939D /* Splash.storyboard */; };
		CBE2BAB22B7D5561000F939D /* DogCellView.swift in Sources */ = {isa = PBXBuildFile; fileRef = CBE2BAB12B7D5561000F939D /* DogCellView.swift */; };
/* End PBXBuildFile section */

/* Begin PBXContainerItemProxy section */
		CBB15C2A2B7969D200B1F9CC /* PBXContainerItemProxy */ = {
			isa = PBXContainerItemProxy;
			containerPortal = CBB15C112B7969CE00B1F9CC /* Project object */;
			proxyType = 1;
			remoteGlobalIDString = CBB15C182B7969CE00B1F9CC;
			remoteInfo = Dogs;
		};
		CBB15C342B7969D200B1F9CC /* PBXContainerItemProxy */ = {
			isa = PBXContainerItemProxy;
			containerPortal = CBB15C112B7969CE00B1F9CC /* Project object */;
			proxyType = 1;
			remoteGlobalIDString = CBB15C182B7969CE00B1F9CC;
			remoteInfo = Dogs;
		};
/* End PBXContainerItemProxy section */

/* Begin PBXFileReference section */
		CB0BEBF92B7F0B3C00720F41 /* Repository.swift */ = {isa = PBXFileReference; lastKnownFileType = sourcecode.swift; path = Repository.swift; sourceTree = "<group>"; };
		CB0BEBFD2B7F867F00720F41 /* DogDetailsViewModelTests.swift */ = {isa = PBXFileReference; lastKnownFileType = sourcecode.swift; path = DogDetailsViewModelTests.swift; sourceTree = "<group>"; };
		CB0BEBFF2B7F868A00720F41 /* HomeViewModelTests.swift */ = {isa = PBXFileReference; lastKnownFileType = sourcecode.swift; path = HomeViewModelTests.swift; sourceTree = "<group>"; };
		CB0BEC012B7F86C900720F41 /* ImageFetcherTests.swift */ = {isa = PBXFileReference; lastKnownFileType = sourcecode.swift; path = ImageFetcherTests.swift; sourceTree = "<group>"; };
		CB0BEC032B7F86FA00720F41 /* RepositoryTests.swift */ = {isa = PBXFileReference; lastKnownFileType = sourcecode.swift; path = RepositoryTests.swift; sourceTree = "<group>"; };
		CB0BEC052B7F878500720F41 /* Accessibility.swift */ = {isa = PBXFileReference; lastKnownFileType = sourcecode.swift; path = Accessibility.swift; sourceTree = "<group>"; };
		CB799E222B7E5E4300DB639B /* DogDetailsView.swift */ = {isa = PBXFileReference; lastKnownFileType = sourcecode.swift; path = DogDetailsView.swift; sourceTree = "<group>"; };
		CB799E242B7E5F8500DB639B /* ImageFetcher.swift */ = {isa = PBXFileReference; lastKnownFileType = sourcecode.swift; path = ImageFetcher.swift; sourceTree = "<group>"; };
		CB799E262B7E620400DB639B /* DogImage.swift */ = {isa = PBXFileReference; lastKnownFileType = sourcecode.swift; path = DogImage.swift; sourceTree = "<group>"; };
		CB799E282B7E666C00DB639B /* DogDetailsViewModel.swift */ = {isa = PBXFileReference; lastKnownFileType = sourcecode.swift; path = DogDetailsViewModel.swift; sourceTree = "<group>"; };
		CB799E2A2B7E673100DB639B /* DogDetails.swift */ = {isa = PBXFileReference; lastKnownFileType = sourcecode.swift; path = DogDetails.swift; sourceTree = "<group>"; };
		CB799E2C2B7E69E300DB639B /* Breed.swift */ = {isa = PBXFileReference; lastKnownFileType = sourcecode.swift; path = Breed.swift; sourceTree = "<group>"; };
		CB799E2E2B7E69EB00DB639B /* Measure.swift */ = {isa = PBXFileReference; lastKnownFileType = sourcecode.swift; path = Measure.swift; sourceTree = "<group>"; };
		CB799E312B7EA66D00DB639B /* CachedAsyncImage.swift */ = {isa = PBXFileReference; lastKnownFileType = sourcecode.swift; path = CachedAsyncImage.swift; sourceTree = "<group>"; };
		CB799E332B7ED7FD00DB639B /* API.swift */ = {isa = PBXFileReference; lastKnownFileType = sourcecode.swift; path = API.swift; sourceTree = "<group>"; };
		CB799E352B7ED91600DB639B /* Errors.swift */ = {isa = PBXFileReference; lastKnownFileType = sourcecode.swift; path = Errors.swift; sourceTree = "<group>"; };
		CB94A5542B7FC4660056D7A5 /* DogImages.json */ = {isa = PBXFileReference; fileEncoding = 4; lastKnownFileType = text.json; path = DogImages.json; sourceTree = "<group>"; };
		CB94A5572B7FCA430056D7A5 /* InvalidDogImages.json */ = {isa = PBXFileReference; fileEncoding = 4; lastKnownFileType = text.json; path = InvalidDogImages.json; sourceTree = "<group>"; };
		CB94A5592B7FCBD40056D7A5 /* MockRepository.swift */ = {isa = PBXFileReference; lastKnownFileType = sourcecode.swift; path = MockRepository.swift; sourceTree = "<group>"; };
		CB94A55B2B7FCCA90056D7A5 /* InvalidDogDetails.json */ = {isa = PBXFileReference; fileEncoding = 4; lastKnownFileType = text.json; path = InvalidDogDetails.json; sourceTree = "<group>"; };
		CB94A55C2B7FCCA90056D7A5 /* DogDetails.json */ = {isa = PBXFileReference; fileEncoding = 4; lastKnownFileType = text.json; path = DogDetails.json; sourceTree = "<group>"; };
		CB94A55F2B7FD0D90056D7A5 /* xmHTSrAon_1280.jpg */ = {isa = PBXFileReference; lastKnownFileType = image.jpeg; path = xmHTSrAon_1280.jpg; sourceTree = "<group>"; };
		CB94A5602B7FD0D90056D7A5 /* Bk-WET6Em.gif */ = {isa = PBXFileReference; lastKnownFileType = image.gif; path = "Bk-WET6Em.gif"; sourceTree = "<group>"; };
		CB94A5612B7FD0D90056D7A5 /* SkRpsgc47_1280.jpg */ = {isa = PBXFileReference; lastKnownFileType = image.jpeg; path = SkRpsgc47_1280.jpg; sourceTree = "<group>"; };
		CB94A5622B7FD0D90056D7A5 /* SyNNYd3S7_1280.jpg */ = {isa = PBXFileReference; lastKnownFileType = image.jpeg; path = SyNNYd3S7_1280.jpg; sourceTree = "<group>"; };
		CB94A5632B7FD0D90056D7A5 /* wPIaaiYOy.jpg */ = {isa = PBXFileReference; lastKnownFileType = image.jpeg; path = wPIaaiYOy.jpg; sourceTree = "<group>"; };
		CB94A5642B7FD0D90056D7A5 /* S1V3Qeq4X_1280.jpg */ = {isa = PBXFileReference; lastKnownFileType = image.jpeg; path = S1V3Qeq4X_1280.jpg; sourceTree = "<group>"; };
		CB94A5652B7FD0D90056D7A5 /* 38KoA9gGB.jpg */ = {isa = PBXFileReference; lastKnownFileType = image.jpeg; path = 38KoA9gGB.jpg; sourceTree = "<group>"; };
		CB94A5662B7FD0D90056D7A5 /* 5TKMTrS09.jpg */ = {isa = PBXFileReference; lastKnownFileType = image.jpeg; path = 5TKMTrS09.jpg; sourceTree = "<group>"; };
		CB94A5672B7FD0D90056D7A5 /* 9POof5zD0.jpg */ = {isa = PBXFileReference; lastKnownFileType = image.jpeg; path = 9POof5zD0.jpg; sourceTree = "<group>"; };
		CB94A5682B7FD0D90056D7A5 /* Sk67KO2rX_1280.jpg */ = {isa = PBXFileReference; lastKnownFileType = image.jpeg; path = Sk67KO2rX_1280.jpg; sourceTree = "<group>"; };
		CBAB7E262B7BC98500A0E802 /* Extensions.swift */ = {isa = PBXFileReference; lastKnownFileType = sourcecode.swift; path = Extensions.swift; sourceTree = "<group>"; };
		CBB15C192B7969CE00B1F9CC /* Dogs.app */ = {isa = PBXFileReference; explicitFileType = wrapper.application; includeInIndex = 0; path = Dogs.app; sourceTree = BUILT_PRODUCTS_DIR; };
		CBB15C1C2B7969CE00B1F9CC /* DogsApp.swift */ = {isa = PBXFileReference; lastKnownFileType = sourcecode.swift; path = DogsApp.swift; sourceTree = "<group>"; };
		CBB15C1E2B7969CE00B1F9CC /* HomeView.swift */ = {isa = PBXFileReference; lastKnownFileType = sourcecode.swift; path = HomeView.swift; sourceTree = "<group>"; };
		CBB15C292B7969D200B1F9CC /* DogsTests.xctest */ = {isa = PBXFileReference; explicitFileType = wrapper.cfbundle; includeInIndex = 0; path = DogsTests.xctest; sourceTree = BUILT_PRODUCTS_DIR; };
		CBB15C332B7969D200B1F9CC /* DogsUITests.xctest */ = {isa = PBXFileReference; explicitFileType = wrapper.cfbundle; includeInIndex = 0; path = DogsUITests.xctest; sourceTree = BUILT_PRODUCTS_DIR; };
		CBB15C372B7969D200B1F9CC /* DogsUITests.swift */ = {isa = PBXFileReference; lastKnownFileType = sourcecode.swift; path = DogsUITests.swift; sourceTree = "<group>"; };
		CBE2BA9A2B7D0BA2000F939D /* HomeViewModel.swift */ = {isa = PBXFileReference; lastKnownFileType = sourcecode.swift; path = HomeViewModel.swift; sourceTree = "<group>"; };
		CBE2BAAB2B7D42B6000F939D /* Splash.storyboard */ = {isa = PBXFileReference; lastKnownFileType = file.storyboard; path = Splash.storyboard; sourceTree = "<group>"; };
		CBE2BAB12B7D5561000F939D /* DogCellView.swift */ = {isa = PBXFileReference; lastKnownFileType = sourcecode.swift; path = DogCellView.swift; sourceTree = "<group>"; };
/* End PBXFileReference section */

/* Begin PBXFrameworksBuildPhase section */
		CBB15C162B7969CE00B1F9CC /* Frameworks */ = {
			isa = PBXFrameworksBuildPhase;
			buildActionMask = 2147483647;
			files = (
			);
			runOnlyForDeploymentPostprocessing = 0;
		};
		CBB15C262B7969D200B1F9CC /* Frameworks */ = {
			isa = PBXFrameworksBuildPhase;
			buildActionMask = 2147483647;
			files = (
			);
			runOnlyForDeploymentPostprocessing = 0;
		};
		CBB15C302B7969D200B1F9CC /* Frameworks */ = {
			isa = PBXFrameworksBuildPhase;
			buildActionMask = 2147483647;
			files = (
			);
			runOnlyForDeploymentPostprocessing = 0;
		};
/* End PBXFrameworksBuildPhase section */

/* Begin PBXGroup section */
		CB799E302B7E6A0400DB639B /* Details */ = {
			isa = PBXGroup;
			children = (
				CB799E222B7E5E4300DB639B /* DogDetailsView.swift */,
				CB799E282B7E666C00DB639B /* DogDetailsViewModel.swift */,
			);
			path = Details;
			sourceTree = "<group>";
		};
		CB94A5562B7FC4CB0056D7A5 /* TestImages */ = {
			isa = PBXGroup;
			children = (
				CB94A5662B7FD0D90056D7A5 /* 5TKMTrS09.jpg */,
				CB94A5672B7FD0D90056D7A5 /* 9POof5zD0.jpg */,
				CB94A5652B7FD0D90056D7A5 /* 38KoA9gGB.jpg */,
				CB94A5602B7FD0D90056D7A5 /* Bk-WET6Em.gif */,
				CB94A5642B7FD0D90056D7A5 /* S1V3Qeq4X_1280.jpg */,
				CB94A5682B7FD0D90056D7A5 /* Sk67KO2rX_1280.jpg */,
				CB94A5612B7FD0D90056D7A5 /* SkRpsgc47_1280.jpg */,
				CB94A5622B7FD0D90056D7A5 /* SyNNYd3S7_1280.jpg */,
				CB94A5632B7FD0D90056D7A5 /* wPIaaiYOy.jpg */,
				CB94A55F2B7FD0D90056D7A5 /* xmHTSrAon_1280.jpg */,
			);
			path = TestImages;
			sourceTree = "<group>";
		};
		CBB15C102B7969CE00B1F9CC = {
			isa = PBXGroup;
			children = (
				CBB15C1B2B7969CE00B1F9CC /* Dogs */,
				CBB15C2C2B7969D200B1F9CC /* DogsTests */,
				CBB15C362B7969D200B1F9CC /* DogsUITests */,
				CBB15C1A2B7969CE00B1F9CC /* Products */,
			);
			sourceTree = "<group>";
		};
		CBB15C1A2B7969CE00B1F9CC /* Products */ = {
			isa = PBXGroup;
			children = (
				CBB15C192B7969CE00B1F9CC /* Dogs.app */,
				CBB15C292B7969D200B1F9CC /* DogsTests.xctest */,
				CBB15C332B7969D200B1F9CC /* DogsUITests.xctest */,
			);
			name = Products;
			sourceTree = "<group>";
		};
		CBB15C1B2B7969CE00B1F9CC /* Dogs */ = {
			isa = PBXGroup;
			children = (
				CBE2BAA42B7D3732000F939D /* Home */,
				CB799E302B7E6A0400DB639B /* Details */,
				CBE2BABF2B7D6816000F939D /* Models */,
				CBB15C1C2B7969CE00B1F9CC /* DogsApp.swift */,
				CBAB7E262B7BC98500A0E802 /* Extensions.swift */,
				CB799E242B7E5F8500DB639B /* ImageFetcher.swift */,
				CB799E312B7EA66D00DB639B /* CachedAsyncImage.swift */,
				CB799E332B7ED7FD00DB639B /* API.swift */,
				CB94A5592B7FCBD40056D7A5 /* MockRepository.swift */,
				CB0BEC052B7F878500720F41 /* Accessibility.swift */,
				CB0BEBF92B7F0B3C00720F41 /* Repository.swift */,
				CB799E352B7ED91600DB639B /* Errors.swift */,
				CBE2BAAB2B7D42B6000F939D /* Splash.storyboard */,
				CB94A5562B7FC4CB0056D7A5 /* TestImages */,
				CBE2BAC52B7D7556000F939D /* Preview Content */,
			);
			path = Dogs;
			sourceTree = "<group>";
		};
		CBB15C2C2B7969D200B1F9CC /* DogsTests */ = {
			isa = PBXGroup;
			children = (
				CB94A5572B7FCA430056D7A5 /* InvalidDogImages.json */,
				CB94A5542B7FC4660056D7A5 /* DogImages.json */,
				CB94A55C2B7FCCA90056D7A5 /* DogDetails.json */,
				CB94A55B2B7FCCA90056D7A5 /* InvalidDogDetails.json */,
				CB0BEBFD2B7F867F00720F41 /* DogDetailsViewModelTests.swift */,
				CB0BEBFF2B7F868A00720F41 /* HomeViewModelTests.swift */,
				CB0BEC012B7F86C900720F41 /* ImageFetcherTests.swift */,
				CB0BEC032B7F86FA00720F41 /* RepositoryTests.swift */,
			);
			path = DogsTests;
			sourceTree = "<group>";
		};
		CBB15C362B7969D200B1F9CC /* DogsUITests */ = {
			isa = PBXGroup;
			children = (
				CBB15C372B7969D200B1F9CC /* DogsUITests.swift */,
			);
			path = DogsUITests;
			sourceTree = "<group>";
		};
		CBE2BAA42B7D3732000F939D /* Home */ = {
			isa = PBXGroup;
			children = (
				CBB15C1E2B7969CE00B1F9CC /* HomeView.swift */,
				CBE2BAB12B7D5561000F939D /* DogCellView.swift */,
				CBE2BA9A2B7D0BA2000F939D /* HomeViewModel.swift */,
			);
			path = Home;
			sourceTree = "<group>";
		};
		CBE2BABF2B7D6816000F939D /* Models */ = {
			isa = PBXGroup;
			children = (
				CB799E262B7E620400DB639B /* DogImage.swift */,
				CB799E2A2B7E673100DB639B /* DogDetails.swift */,
				CB799E2C2B7E69E300DB639B /* Breed.swift */,
				CB799E2E2B7E69EB00DB639B /* Measure.swift */,
			);
			path = Models;
			sourceTree = "<group>";
		};
		CBE2BAC52B7D7556000F939D /* Preview Content */ = {
			isa = PBXGroup;
			children = (
			);
			path = "Preview Content";
			sourceTree = "<group>";
		};
/* End PBXGroup section */

/* Begin PBXNativeTarget section */
		CBB15C182B7969CE00B1F9CC /* Dogs */ = {
			isa = PBXNativeTarget;
			buildConfigurationList = CBB15C3D2B7969D200B1F9CC /* Build configuration list for PBXNativeTarget "Dogs" */;
			buildPhases = (
				CBB15C152B7969CE00B1F9CC /* Sources */,
				CBB15C162B7969CE00B1F9CC /* Frameworks */,
				CBB15C172B7969CE00B1F9CC /* Resources */,
			);
			buildRules = (
			);
			dependencies = (
			);
			name = Dogs;
			productName = Dogs;
			productReference = CBB15C192B7969CE00B1F9CC /* Dogs.app */;
			productType = "com.apple.product-type.application";
		};
		CBB15C282B7969D200B1F9CC /* DogsTests */ = {
			isa = PBXNativeTarget;
			buildConfigurationList = CBB15C402B7969D200B1F9CC /* Build configuration list for PBXNativeTarget "DogsTests" */;
			buildPhases = (
				CBB15C252B7969D200B1F9CC /* Sources */,
				CBB15C262B7969D200B1F9CC /* Frameworks */,
				CBB15C272B7969D200B1F9CC /* Resources */,
			);
			buildRules = (
			);
			dependencies = (
				CBB15C2B2B7969D200B1F9CC /* PBXTargetDependency */,
			);
			name = DogsTests;
			productName = DogsTests;
			productReference = CBB15C292B7969D200B1F9CC /* DogsTests.xctest */;
			productType = "com.apple.product-type.bundle.unit-test";
		};
		CBB15C322B7969D200B1F9CC /* DogsUITests */ = {
			isa = PBXNativeTarget;
			buildConfigurationList = CBB15C432B7969D200B1F9CC /* Build configuration list for PBXNativeTarget "DogsUITests" */;
			buildPhases = (
				CBB15C2F2B7969D200B1F9CC /* Sources */,
				CBB15C302B7969D200B1F9CC /* Frameworks */,
				CBB15C312B7969D200B1F9CC /* Resources */,
			);
			buildRules = (
			);
			dependencies = (
				CBB15C352B7969D200B1F9CC /* PBXTargetDependency */,
			);
			name = DogsUITests;
			productName = DogsUITests;
			productReference = CBB15C332B7969D200B1F9CC /* DogsUITests.xctest */;
			productType = "com.apple.product-type.bundle.ui-testing";
		};
/* End PBXNativeTarget section */

/* Begin PBXProject section */
		CBB15C112B7969CE00B1F9CC /* Project object */ = {
			isa = PBXProject;
			attributes = {
				BuildIndependentTargetsInParallel = 1;
				LastSwiftUpdateCheck = 1520;
				LastUpgradeCheck = 1520;
				TargetAttributes = {
					CBB15C182B7969CE00B1F9CC = {
						CreatedOnToolsVersion = 15.2;
					};
					CBB15C282B7969D200B1F9CC = {
						CreatedOnToolsVersion = 15.2;
						TestTargetID = CBB15C182B7969CE00B1F9CC;
					};
					CBB15C322B7969D200B1F9CC = {
						CreatedOnToolsVersion = 15.2;
						TestTargetID = CBB15C182B7969CE00B1F9CC;
					};
				};
			};
			buildConfigurationList = CBB15C142B7969CE00B1F9CC /* Build configuration list for PBXProject "Dogs" */;
			compatibilityVersion = "Xcode 14.0";
			developmentRegion = en;
			hasScannedForEncodings = 0;
			knownRegions = (
				en,
				Base,
			);
			mainGroup = CBB15C102B7969CE00B1F9CC;
			productRefGroup = CBB15C1A2B7969CE00B1F9CC /* Products */;
			projectDirPath = "";
			projectRoot = "";
			targets = (
				CBB15C182B7969CE00B1F9CC /* Dogs */,
				CBB15C282B7969D200B1F9CC /* DogsTests */,
				CBB15C322B7969D200B1F9CC /* DogsUITests */,
			);
		};
/* End PBXProject section */

/* Begin PBXResourcesBuildPhase section */
		CBB15C172B7969CE00B1F9CC /* Resources */ = {
			isa = PBXResourcesBuildPhase;
			buildActionMask = 2147483647;
			files = (
				CB00C25A2B80F3760020E227 /* 5TKMTrS09.jpg in Resources */,
				CB00C25B2B80F3760020E227 /* 9POof5zD0.jpg in Resources */,
				CB00C25C2B80F3760020E227 /* 38KoA9gGB.jpg in Resources */,
				CB00C25D2B80F3760020E227 /* Bk-WET6Em.gif in Resources */,
				CB00C25E2B80F3760020E227 /* S1V3Qeq4X_1280.jpg in Resources */,
				CB00C25F2B80F3760020E227 /* Sk67KO2rX_1280.jpg in Resources */,
				CB00C2602B80F3760020E227 /* SkRpsgc47_1280.jpg in Resources */,
				CB00C2612B80F3760020E227 /* SyNNYd3S7_1280.jpg in Resources */,
				CB00C2622B80F3760020E227 /* wPIaaiYOy.jpg in Resources */,
				CB00C2632B80F3760020E227 /* xmHTSrAon_1280.jpg in Resources */,
				CBE2BAAC2B7D42B6000F939D /* Splash.storyboard in Resources */,
			);
			runOnlyForDeploymentPostprocessing = 0;
		};
		CBB15C272B7969D200B1F9CC /* Resources */ = {
			isa = PBXResourcesBuildPhase;
			buildActionMask = 2147483647;
			files = (
				CB94A56B2B7FD0D90056D7A5 /* SkRpsgc47_1280.jpg in Resources */,
				CB94A5712B7FD0D90056D7A5 /* 9POof5zD0.jpg in Resources */,
				CB94A5582B7FCA430056D7A5 /* InvalidDogImages.json in Resources */,
				CB94A5692B7FD0D90056D7A5 /* xmHTSrAon_1280.jpg in Resources */,
				CB94A5722B7FD0D90056D7A5 /* Sk67KO2rX_1280.jpg in Resources */,
				CB94A5702B7FD0D90056D7A5 /* 5TKMTrS09.jpg in Resources */,
				CB94A5552B7FC4660056D7A5 /* DogImages.json in Resources */,
				CB94A56A2B7FD0D90056D7A5 /* Bk-WET6Em.gif in Resources */,
				CB94A56C2B7FD0D90056D7A5 /* SyNNYd3S7_1280.jpg in Resources */,
				CB94A56D2B7FD0D90056D7A5 /* wPIaaiYOy.jpg in Resources */,
				CB94A56F2B7FD0D90056D7A5 /* 38KoA9gGB.jpg in Resources */,
				CB94A56E2B7FD0D90056D7A5 /* S1V3Qeq4X_1280.jpg in Resources */,
				CB94A55D2B7FCCA90056D7A5 /* InvalidDogDetails.json in Resources */,
				CB94A55E2B7FCCAA0056D7A5 /* DogDetails.json in Resources */,
			);
			runOnlyForDeploymentPostprocessing = 0;
		};
		CBB15C312B7969D200B1F9CC /* Resources */ = {
			isa = PBXResourcesBuildPhase;
			buildActionMask = 2147483647;
			files = (
			);
			runOnlyForDeploymentPostprocessing = 0;
		};
/* End PBXResourcesBuildPhase section */

/* Begin PBXSourcesBuildPhase section */
		CBB15C152B7969CE00B1F9CC /* Sources */ = {
			isa = PBXSourcesBuildPhase;
			buildActionMask = 2147483647;
			files = (
				CB799E272B7E620400DB639B /* DogImage.swift in Sources */,
				CB799E362B7ED91600DB639B /* Errors.swift in Sources */,
				CB799E2D2B7E69E300DB639B /* Breed.swift in Sources */,
				CBAB7E272B7BC98500A0E802 /* Extensions.swift in Sources */,
				CBB15C1F2B7969CE00B1F9CC /* HomeView.swift in Sources */,
				CB799E2B2B7E673100DB639B /* DogDetails.swift in Sources */,
				CB799E2F2B7E69EB00DB639B /* Measure.swift in Sources */,
				CB00C2592B80F1A10020E227 /* MockRepository.swift in Sources */,
				CB799E342B7ED7FD00DB639B /* API.swift in Sources */,
				CB799E292B7E666C00DB639B /* DogDetailsViewModel.swift in Sources */,
				CB799E252B7E5F8500DB639B /* ImageFetcher.swift in Sources */,
				CBE2BA9B2B7D0BA2000F939D /* HomeViewModel.swift in Sources */,
				CB0BEBFA2B7F0B3C00720F41 /* Repository.swift in Sources */,
				CBB15C1D2B7969CE00B1F9CC /* DogsApp.swift in Sources */,
				CBE2BAB22B7D5561000F939D /* DogCellView.swift in Sources */,
				CB799E322B7EA66D00DB639B /* CachedAsyncImage.swift in Sources */,
				CBCE1F212B800982000418C1 /* Accessibility.swift in Sources */,
				CB799E232B7E5E4300DB639B /* DogDetailsView.swift in Sources */,
			);
			runOnlyForDeploymentPostprocessing = 0;
		};
		CBB15C252B7969D200B1F9CC /* Sources */ = {
			isa = PBXSourcesBuildPhase;
			buildActionMask = 2147483647;
			files = (
				CB0BEC022B7F86C900720F41 /* ImageFetcherTests.swift in Sources */,
				CB0BEBFE2B7F867F00720F41 /* DogDetailsViewModelTests.swift in Sources */,
				CB0BEC002B7F868A00720F41 /* HomeViewModelTests.swift in Sources */,
				CB0BEC042B7F86FA00720F41 /* RepositoryTests.swift in Sources */,
			);
			runOnlyForDeploymentPostprocessing = 0;
		};
		CBB15C2F2B7969D200B1F9CC /* Sources */ = {
			isa = PBXSourcesBuildPhase;
			buildActionMask = 2147483647;
			files = (
				CBB15C382B7969D200B1F9CC /* DogsUITests.swift in Sources */,
			);
			runOnlyForDeploymentPostprocessing = 0;
		};
/* End PBXSourcesBuildPhase section */

/* Begin PBXTargetDependency section */
		CBB15C2B2B7969D200B1F9CC /* PBXTargetDependency */ = {
			isa = PBXTargetDependency;
			target = CBB15C182B7969CE00B1F9CC /* Dogs */;
			targetProxy = CBB15C2A2B7969D200B1F9CC /* PBXContainerItemProxy */;
		};
		CBB15C352B7969D200B1F9CC /* PBXTargetDependency */ = {
			isa = PBXTargetDependency;
			target = CBB15C182B7969CE00B1F9CC /* Dogs */;
			targetProxy = CBB15C342B7969D200B1F9CC /* PBXContainerItemProxy */;
		};
/* End PBXTargetDependency section */

/* Begin XCBuildConfiguration section */
		CBB15C3B2B7969D200B1F9CC /* Debug */ = {
			isa = XCBuildConfiguration;
			buildSettings = {
				ALWAYS_SEARCH_USER_PATHS = NO;
				ASSETCATALOG_COMPILER_GENERATE_SWIFT_ASSET_SYMBOL_EXTENSIONS = YES;
				CLANG_ANALYZER_NONNULL = YES;
				CLANG_ANALYZER_NUMBER_OBJECT_CONVERSION = YES_AGGRESSIVE;
				CLANG_CXX_LANGUAGE_STANDARD = "gnu++20";
				CLANG_ENABLE_MODULES = YES;
				CLANG_ENABLE_OBJC_ARC = YES;
				CLANG_ENABLE_OBJC_WEAK = YES;
				CLANG_WARN_BLOCK_CAPTURE_AUTORELEASING = YES;
				CLANG_WARN_BOOL_CONVERSION = YES;
				CLANG_WARN_COMMA = YES;
				CLANG_WARN_CONSTANT_CONVERSION = YES;
				CLANG_WARN_DEPRECATED_OBJC_IMPLEMENTATIONS = YES;
				CLANG_WARN_DIRECT_OBJC_ISA_USAGE = YES_ERROR;
				CLANG_WARN_DOCUMENTATION_COMMENTS = YES;
				CLANG_WARN_EMPTY_BODY = YES;
				CLANG_WARN_ENUM_CONVERSION = YES;
				CLANG_WARN_INFINITE_RECURSION = YES;
				CLANG_WARN_INT_CONVERSION = YES;
				CLANG_WARN_NON_LITERAL_NULL_CONVERSION = YES;
				CLANG_WARN_OBJC_IMPLICIT_RETAIN_SELF = YES;
				CLANG_WARN_OBJC_LITERAL_CONVERSION = YES;
				CLANG_WARN_OBJC_ROOT_CLASS = YES_ERROR;
				CLANG_WARN_QUOTED_INCLUDE_IN_FRAMEWORK_HEADER = YES;
				CLANG_WARN_RANGE_LOOP_ANALYSIS = YES;
				CLANG_WARN_STRICT_PROTOTYPES = YES;
				CLANG_WARN_SUSPICIOUS_MOVE = YES;
				CLANG_WARN_UNGUARDED_AVAILABILITY = YES_AGGRESSIVE;
				CLANG_WARN_UNREACHABLE_CODE = YES;
				CLANG_WARN__DUPLICATE_METHOD_MATCH = YES;
				COPY_PHASE_STRIP = NO;
				DEBUG_INFORMATION_FORMAT = dwarf;
				ENABLE_STRICT_OBJC_MSGSEND = YES;
				ENABLE_TESTABILITY = YES;
				ENABLE_USER_SCRIPT_SANDBOXING = YES;
				GCC_C_LANGUAGE_STANDARD = gnu17;
				GCC_DYNAMIC_NO_PIC = NO;
				GCC_NO_COMMON_BLOCKS = YES;
				GCC_OPTIMIZATION_LEVEL = 0;
				GCC_PREPROCESSOR_DEFINITIONS = (
					"DEBUG=1",
					"$(inherited)",
				);
				GCC_WARN_64_TO_32_BIT_CONVERSION = YES;
				GCC_WARN_ABOUT_RETURN_TYPE = YES_ERROR;
				GCC_WARN_UNDECLARED_SELECTOR = YES;
				GCC_WARN_UNINITIALIZED_AUTOS = YES_AGGRESSIVE;
				GCC_WARN_UNUSED_FUNCTION = YES;
				GCC_WARN_UNUSED_VARIABLE = YES;
				IPHONEOS_DEPLOYMENT_TARGET = 17.2;
				LOCALIZATION_PREFERS_STRING_CATALOGS = YES;
				MTL_ENABLE_DEBUG_INFO = INCLUDE_SOURCE;
				MTL_FAST_MATH = YES;
				ONLY_ACTIVE_ARCH = YES;
				SDKROOT = iphoneos;
				SWIFT_ACTIVE_COMPILATION_CONDITIONS = "DEBUG $(inherited)";
				SWIFT_OPTIMIZATION_LEVEL = "-Onone";
			};
			name = Debug;
		};
		CBB15C3C2B7969D200B1F9CC /* Release */ = {
			isa = XCBuildConfiguration;
			buildSettings = {
				ALWAYS_SEARCH_USER_PATHS = NO;
				ASSETCATALOG_COMPILER_GENERATE_SWIFT_ASSET_SYMBOL_EXTENSIONS = YES;
				CLANG_ANALYZER_NONNULL = YES;
				CLANG_ANALYZER_NUMBER_OBJECT_CONVERSION = YES_AGGRESSIVE;
				CLANG_CXX_LANGUAGE_STANDARD = "gnu++20";
				CLANG_ENABLE_MODULES = YES;
				CLANG_ENABLE_OBJC_ARC = YES;
				CLANG_ENABLE_OBJC_WEAK = YES;
				CLANG_WARN_BLOCK_CAPTURE_AUTORELEASING = YES;
				CLANG_WARN_BOOL_CONVERSION = YES;
				CLANG_WARN_COMMA = YES;
				CLANG_WARN_CONSTANT_CONVERSION = YES;
				CLANG_WARN_DEPRECATED_OBJC_IMPLEMENTATIONS = YES;
				CLANG_WARN_DIRECT_OBJC_ISA_USAGE = YES_ERROR;
				CLANG_WARN_DOCUMENTATION_COMMENTS = YES;
				CLANG_WARN_EMPTY_BODY = YES;
				CLANG_WARN_ENUM_CONVERSION = YES;
				CLANG_WARN_INFINITE_RECURSION = YES;
				CLANG_WARN_INT_CONVERSION = YES;
				CLANG_WARN_NON_LITERAL_NULL_CONVERSION = YES;
				CLANG_WARN_OBJC_IMPLICIT_RETAIN_SELF = YES;
				CLANG_WARN_OBJC_LITERAL_CONVERSION = YES;
				CLANG_WARN_OBJC_ROOT_CLASS = YES_ERROR;
				CLANG_WARN_QUOTED_INCLUDE_IN_FRAMEWORK_HEADER = YES;
				CLANG_WARN_RANGE_LOOP_ANALYSIS = YES;
				CLANG_WARN_STRICT_PROTOTYPES = YES;
				CLANG_WARN_SUSPICIOUS_MOVE = YES;
				CLANG_WARN_UNGUARDED_AVAILABILITY = YES_AGGRESSIVE;
				CLANG_WARN_UNREACHABLE_CODE = YES;
				CLANG_WARN__DUPLICATE_METHOD_MATCH = YES;
				COPY_PHASE_STRIP = NO;
				DEBUG_INFORMATION_FORMAT = "dwarf-with-dsym";
				ENABLE_NS_ASSERTIONS = NO;
				ENABLE_STRICT_OBJC_MSGSEND = YES;
				ENABLE_USER_SCRIPT_SANDBOXING = YES;
				GCC_C_LANGUAGE_STANDARD = gnu17;
				GCC_NO_COMMON_BLOCKS = YES;
				GCC_WARN_64_TO_32_BIT_CONVERSION = YES;
				GCC_WARN_ABOUT_RETURN_TYPE = YES_ERROR;
				GCC_WARN_UNDECLARED_SELECTOR = YES;
				GCC_WARN_UNINITIALIZED_AUTOS = YES_AGGRESSIVE;
				GCC_WARN_UNUSED_FUNCTION = YES;
				GCC_WARN_UNUSED_VARIABLE = YES;
				IPHONEOS_DEPLOYMENT_TARGET = 17.2;
				LOCALIZATION_PREFERS_STRING_CATALOGS = YES;
				MTL_ENABLE_DEBUG_INFO = NO;
				MTL_FAST_MATH = YES;
				SDKROOT = iphoneos;
				SWIFT_COMPILATION_MODE = wholemodule;
				VALIDATE_PRODUCT = YES;
			};
			name = Release;
		};
		CBB15C3E2B7969D200B1F9CC /* Debug */ = {
			isa = XCBuildConfiguration;
			buildSettings = {
				ASSETCATALOG_COMPILER_APPICON_NAME = AppIcon;
				ASSETCATALOG_COMPILER_GLOBAL_ACCENT_COLOR_NAME = AccentColor;
				CODE_SIGN_STYLE = Automatic;
				CURRENT_PROJECT_VERSION = 1;
				DEVELOPMENT_ASSET_PATHS = "\"Dogs/Preview Content\"";
				DEVELOPMENT_TEAM = G58YZ653N3;
				ENABLE_PREVIEWS = YES;
				GENERATE_INFOPLIST_FILE = YES;
				INFOPLIST_KEY_UIApplicationSceneManifest_Generation = YES;
				INFOPLIST_KEY_UIApplicationSupportsIndirectInputEvents = YES;
				INFOPLIST_KEY_UILaunchScreen_Generation = YES;
				INFOPLIST_KEY_UILaunchStoryboardName = Splash.storyboard;
				INFOPLIST_KEY_UISupportedInterfaceOrientations_iPad = "UIInterfaceOrientationPortrait UIInterfaceOrientationPortraitUpsideDown UIInterfaceOrientationLandscapeLeft UIInterfaceOrientationLandscapeRight";
				INFOPLIST_KEY_UISupportedInterfaceOrientations_iPhone = "UIInterfaceOrientationPortrait UIInterfaceOrientationLandscapeLeft UIInterfaceOrientationLandscapeRight";
				LD_RUNPATH_SEARCH_PATHS = (
					"$(inherited)",
					"@executable_path/Frameworks",
				);
				MARKETING_VERSION = 1.0;
				PRODUCT_BUNDLE_IDENTIFIER = com.monteverde.Dogs;
				PRODUCT_NAME = "$(TARGET_NAME)";
				SWIFT_EMIT_LOC_STRINGS = YES;
				SWIFT_VERSION = 5.0;
				TARGETED_DEVICE_FAMILY = "1,2";
			};
			name = Debug;
		};
		CBB15C3F2B7969D200B1F9CC /* Release */ = {
			isa = XCBuildConfiguration;
			buildSettings = {
				ASSETCATALOG_COMPILER_APPICON_NAME = AppIcon;
				ASSETCATALOG_COMPILER_GLOBAL_ACCENT_COLOR_NAME = AccentColor;
				CODE_SIGN_STYLE = Automatic;
				CURRENT_PROJECT_VERSION = 1;
				DEVELOPMENT_ASSET_PATHS = "\"Dogs/Preview Content\"";
				DEVELOPMENT_TEAM = G58YZ653N3;
				ENABLE_PREVIEWS = YES;
				GENERATE_INFOPLIST_FILE = YES;
				INFOPLIST_KEY_UIApplicationSceneManifest_Generation = YES;
				INFOPLIST_KEY_UIApplicationSupportsIndirectInputEvents = YES;
				INFOPLIST_KEY_UILaunchScreen_Generation = YES;
				INFOPLIST_KEY_UILaunchStoryboardName = Splash.storyboard;
				INFOPLIST_KEY_UISupportedInterfaceOrientations_iPad = "UIInterfaceOrientationPortrait UIInterfaceOrientationPortraitUpsideDown UIInterfaceOrientationLandscapeLeft UIInterfaceOrientationLandscapeRight";
				INFOPLIST_KEY_UISupportedInterfaceOrientations_iPhone = "UIInterfaceOrientationPortrait UIInterfaceOrientationLandscapeLeft UIInterfaceOrientationLandscapeRight";
				LD_RUNPATH_SEARCH_PATHS = (
					"$(inherited)",
					"@executable_path/Frameworks",
				);
				MARKETING_VERSION = 1.0;
				PRODUCT_BUNDLE_IDENTIFIER = com.monteverde.Dogs;
				PRODUCT_NAME = "$(TARGET_NAME)";
				SWIFT_EMIT_LOC_STRINGS = YES;
				SWIFT_VERSION = 5.0;
				TARGETED_DEVICE_FAMILY = "1,2";
			};
			name = Release;
		};
		CBB15C412B7969D200B1F9CC /* Debug */ = {
			isa = XCBuildConfiguration;
			buildSettings = {
				ALWAYS_EMBED_SWIFT_STANDARD_LIBRARIES = YES;
				BUNDLE_LOADER = "$(TEST_HOST)";
				CODE_SIGN_STYLE = Automatic;
				CURRENT_PROJECT_VERSION = 1;
				DEVELOPMENT_TEAM = G58YZ653N3;
				GENERATE_INFOPLIST_FILE = YES;
				IPHONEOS_DEPLOYMENT_TARGET = 17.2;
				MARKETING_VERSION = 1.0;
				PRODUCT_BUNDLE_IDENTIFIER = com.monteverde.DogsTests;
				PRODUCT_NAME = "$(TARGET_NAME)";
				SWIFT_EMIT_LOC_STRINGS = NO;
				SWIFT_VERSION = 5.0;
				TARGETED_DEVICE_FAMILY = "1,2";
				TEST_HOST = "$(BUILT_PRODUCTS_DIR)/Dogs.app/$(BUNDLE_EXECUTABLE_FOLDER_PATH)/Dogs";
			};
			name = Debug;
		};
		CBB15C422B7969D200B1F9CC /* Release */ = {
			isa = XCBuildConfiguration;
			buildSettings = {
				ALWAYS_EMBED_SWIFT_STANDARD_LIBRARIES = YES;
				BUNDLE_LOADER = "$(TEST_HOST)";
				CODE_SIGN_STYLE = Automatic;
				CURRENT_PROJECT_VERSION = 1;
				DEVELOPMENT_TEAM = G58YZ653N3;
				GENERATE_INFOPLIST_FILE = YES;
				IPHONEOS_DEPLOYMENT_TARGET = 17.2;
				MARKETING_VERSION = 1.0;
				PRODUCT_BUNDLE_IDENTIFIER = com.monteverde.DogsTests;
				PRODUCT_NAME = "$(TARGET_NAME)";
				SWIFT_EMIT_LOC_STRINGS = NO;
				SWIFT_VERSION = 5.0;
				TARGETED_DEVICE_FAMILY = "1,2";
				TEST_HOST = "$(BUILT_PRODUCTS_DIR)/Dogs.app/$(BUNDLE_EXECUTABLE_FOLDER_PATH)/Dogs";
			};
			name = Release;
		};
		CBB15C442B7969D200B1F9CC /* Debug */ = {
			isa = XCBuildConfiguration;
			buildSettings = {
				ALWAYS_EMBED_SWIFT_STANDARD_LIBRARIES = YES;
				CODE_SIGN_STYLE = Automatic;
				CURRENT_PROJECT_VERSION = 1;
				DEVELOPMENT_TEAM = G58YZ653N3;
				GENERATE_INFOPLIST_FILE = YES;
				MARKETING_VERSION = 1.0;
				PRODUCT_BUNDLE_IDENTIFIER = com.monteverde.DogsUITests;
				PRODUCT_NAME = "$(TARGET_NAME)";
				SWIFT_EMIT_LOC_STRINGS = NO;
				SWIFT_VERSION = 5.0;
				TARGETED_DEVICE_FAMILY = "1,2";
				TEST_TARGET_NAME = Dogs;
			};
			name = Debug;
		};
		CBB15C452B7969D200B1F9CC /* Release */ = {
			isa = XCBuildConfiguration;
			buildSettings = {
				ALWAYS_EMBED_SWIFT_STANDARD_LIBRARIES = YES;
				CODE_SIGN_STYLE = Automatic;
				CURRENT_PROJECT_VERSION = 1;
				DEVELOPMENT_TEAM = G58YZ653N3;
				GENERATE_INFOPLIST_FILE = YES;
				MARKETING_VERSION = 1.0;
				PRODUCT_BUNDLE_IDENTIFIER = com.monteverde.DogsUITests;
				PRODUCT_NAME = "$(TARGET_NAME)";
				SWIFT_EMIT_LOC_STRINGS = NO;
				SWIFT_VERSION = 5.0;
				TARGETED_DEVICE_FAMILY = "1,2";
				TEST_TARGET_NAME = Dogs;
			};
			name = Release;
		};
/* End XCBuildConfiguration section */

/* Begin XCConfigurationList section */
		CBB15C142B7969CE00B1F9CC /* Build configuration list for PBXProject "Dogs" */ = {
			isa = XCConfigurationList;
			buildConfigurations = (
				CBB15C3B2B7969D200B1F9CC /* Debug */,
				CBB15C3C2B7969D200B1F9CC /* Release */,
			);
			defaultConfigurationIsVisible = 0;
			defaultConfigurationName = Release;
		};
		CBB15C3D2B7969D200B1F9CC /* Build configuration list for PBXNativeTarget "Dogs" */ = {
			isa = XCConfigurationList;
			buildConfigurations = (
				CBB15C3E2B7969D200B1F9CC /* Debug */,
				CBB15C3F2B7969D200B1F9CC /* Release */,
			);
			defaultConfigurationIsVisible = 0;
			defaultConfigurationName = Release;
		};
		CBB15C402B7969D200B1F9CC /* Build configuration list for PBXNativeTarget "DogsTests" */ = {
			isa = XCConfigurationList;
			buildConfigurations = (
				CBB15C412B7969D200B1F9CC /* Debug */,
				CBB15C422B7969D200B1F9CC /* Release */,
			);
			defaultConfigurationIsVisible = 0;
			defaultConfigurationName = Release;
		};
		CBB15C432B7969D200B1F9CC /* Build configuration list for PBXNativeTarget "DogsUITests" */ = {
			isa = XCConfigurationList;
			buildConfigurations = (
				CBB15C442B7969D200B1F9CC /* Debug */,
				CBB15C452B7969D200B1F9CC /* Release */,
			);
			defaultConfigurationIsVisible = 0;
			defaultConfigurationName = Release;
		};
/* End XCConfigurationList section */
	};
	rootObject = CBB15C112B7969CE00B1F9CC /* Project object */;
}
